// !$*UTF8*$!
{
	archiveVersion = 1;
	classes = {
	};
	objectVersion = 50;
	objects = {

/* Begin PBXContainerItemProxy section */
		20BD51F927B17C3C00638296 /* PBXContainerItemProxy */ = {
			isa = PBXContainerItemProxy;
			containerPortal = 20BD51F527B17C3C00638296 /* 03-单向链表.xcodeproj */;
			proxyType = 2;
			remoteGlobalIDString = 20BD51EB27B17C3C00638296;
			remoteInfo = "03-单向链表";
		};
		20BD521A27B17CC100638296 /* PBXContainerItemProxy */ = {
			isa = PBXContainerItemProxy;
			containerPortal = 20BD521627B17CC000638296 /* 03-双向链表.xcodeproj */;
			proxyType = 2;
			remoteGlobalIDString = 20BD520C27B17CC000638296;
			remoteInfo = "03-双向链表";
		};
		20BD524227B17E6600638296 /* PBXContainerItemProxy */ = {
			isa = PBXContainerItemProxy;
			containerPortal = 20BD523E27B17E6500638296 /* 03-单向循环链表.xcodeproj */;
			proxyType = 2;
			remoteGlobalIDString = 20BD523427B17E6500638296;
			remoteInfo = "03-单向循环链表";
		};
		20BD526327B1FE4A00638296 /* PBXContainerItemProxy */ = {
			isa = PBXContainerItemProxy;
			containerPortal = 20BD525F27B1FE4900638296 /* 03-双向循环链表.xcodeproj */;
			proxyType = 2;
			remoteGlobalIDString = 20BD525527B1FE4900638296;
			remoteInfo = "03-双向循环链表";
		};
/* End PBXContainerItemProxy section */

/* Begin PBXCopyFilesBuildPhase section */
		20BD51D627B17BFF00638296 /* CopyFiles */ = {
			isa = PBXCopyFilesBuildPhase;
			buildActionMask = 2147483647;
			dstPath = /usr/share/man/man1/;
			dstSubfolderSpec = 0;
			files = (
			);
			runOnlyForDeploymentPostprocessing = 1;
		};
/* End PBXCopyFilesBuildPhase section */

/* Begin PBXFileReference section */
		2038680727BC9CC40040FC64 /* 03-链表 */ = {isa = PBXFileReference; explicitFileType = "compiled.mach-o.executable"; includeInIndex = 0; path = "03-链表"; sourceTree = BUILT_PRODUCTS_DIR; };
		20BD51F527B17C3C00638296 /* 03-单向链表.xcodeproj */ = {isa = PBXFileReference; lastKnownFileType = "wrapper.pb-project"; name = "03-单向链表.xcodeproj"; path = "03-单向链表/03-单向链表.xcodeproj"; sourceTree = "<group>"; };
		20BD521627B17CC000638296 /* 03-双向链表.xcodeproj */ = {isa = PBXFileReference; lastKnownFileType = "wrapper.pb-project"; name = "03-双向链表.xcodeproj"; path = "03-双向链表/03-双向链表.xcodeproj"; sourceTree = "<group>"; };
		20BD523E27B17E6500638296 /* 03-单向循环链表.xcodeproj */ = {isa = PBXFileReference; lastKnownFileType = "wrapper.pb-project"; name = "03-单向循环链表.xcodeproj"; path = "03-单向循环链表/03-单向循环链表.xcodeproj"; sourceTree = "<group>"; };
		20BD525F27B1FE4900638296 /* 03-双向循环链表.xcodeproj */ = {isa = PBXFileReference; lastKnownFileType = "wrapper.pb-project"; name = "03-双向循环链表.xcodeproj"; path = "03-双向循环链表/03-双向循环链表.xcodeproj"; sourceTree = "<group>"; };
/* End PBXFileReference section */

/* Begin PBXFrameworksBuildPhase section */
		20BD51D527B17BFF00638296 /* Frameworks */ = {
			isa = PBXFrameworksBuildPhase;
			buildActionMask = 2147483647;
			files = (
			);
			runOnlyForDeploymentPostprocessing = 0;
		};
/* End PBXFrameworksBuildPhase section */

/* Begin PBXGroup section */
		20BD51CF27B17BFF00638296 = {
			isa = PBXGroup;
			children = (
				20BD525F27B1FE4900638296 /* 03-双向循环链表.xcodeproj */,
				20BD523E27B17E6500638296 /* 03-单向循环链表.xcodeproj */,
				20BD521627B17CC000638296 /* 03-双向链表.xcodeproj */,
				20BD51F527B17C3C00638296 /* 03-单向链表.xcodeproj */,
				2038680727BC9CC40040FC64 /* 03-链表 */,
			);
			sourceTree = "<group>";
		};
		20BD51F627B17C3C00638296 /* Products */ = {
			isa = PBXGroup;
			children = (
				20BD51FA27B17C3C00638296 /* 03-单向链表 */,
			);
			name = Products;
			sourceTree = "<group>";
		};
		20BD521727B17CC000638296 /* Products */ = {
			isa = PBXGroup;
			children = (
				20BD521B27B17CC100638296 /* 03-双向链表 */,
			);
			name = Products;
			sourceTree = "<group>";
		};
		20BD523F27B17E6500638296 /* Products */ = {
			isa = PBXGroup;
			children = (
				20BD524327B17E6600638296 /* 03-单向循环链表 */,
			);
			name = Products;
			sourceTree = "<group>";
		};
		20BD526027B1FE4900638296 /* Products */ = {
			isa = PBXGroup;
			children = (
				20BD526427B1FE4A00638296 /* 03-双向循环链表 */,
			);
			name = Products;
			sourceTree = "<group>";
		};
/* End PBXGroup section */

/* Begin PBXNativeTarget section */
		20BD51D727B17BFF00638296 /* 03-链表 */ = {
			isa = PBXNativeTarget;
			buildConfigurationList = 20BD51DF27B17BFF00638296 /* Build configuration list for PBXNativeTarget "03-链表" */;
			buildPhases = (
				20BD51D427B17BFF00638296 /* Sources */,
				20BD51D527B17BFF00638296 /* Frameworks */,
				20BD51D627B17BFF00638296 /* CopyFiles */,
			);
			buildRules = (
			);
			dependencies = (
			);
			name = "03-链表";
			productName = "03-链表";
			productReference = 2038680727BC9CC40040FC64 /* 03-链表 */;
			productType = "com.apple.product-type.tool";
		};
/* End PBXNativeTarget section */

/* Begin PBXProject section */
		20BD51D027B17BFF00638296 /* Project object */ = {
			isa = PBXProject;
			attributes = {
				LastSwiftUpdateCheck = 1250;
				LastUpgradeCheck = 1250;
				TargetAttributes = {
					20BD51D727B17BFF00638296 = {
						CreatedOnToolsVersion = 12.5;
					};
				};
			};
			buildConfigurationList = 20BD51D327B17BFF00638296 /* Build configuration list for PBXProject "03-链表" */;
			compatibilityVersion = "Xcode 9.3";
			developmentRegion = en;
			hasScannedForEncodings = 0;
			knownRegions = (
				en,
				Base,
			);
			mainGroup = 20BD51CF27B17BFF00638296;
			productRefGroup = 20BD51CF27B17BFF00638296;
			projectDirPath = "";
			projectReferences = (
				{
					ProductGroup = 20BD523F27B17E6500638296 /* Products */;
					ProjectRef = 20BD523E27B17E6500638296 /* 03-单向循环链表.xcodeproj */;
				},
				{
					ProductGroup = 20BD51F627B17C3C00638296 /* Products */;
					ProjectRef = 20BD51F527B17C3C00638296 /* 03-单向链表.xcodeproj */;
				},
				{
					ProductGroup = 20BD526027B1FE4900638296 /* Products */;
					ProjectRef = 20BD525F27B1FE4900638296 /* 03-双向循环链表.xcodeproj */;
				},
				{
					ProductGroup = 20BD521727B17CC000638296 /* Products */;
					ProjectRef = 20BD521627B17CC000638296 /* 03-双向链表.xcodeproj */;
				},
			);
			projectRoot = "";
			targets = (
				20BD51D727B17BFF00638296 /* 03-链表 */,
			);
		};
/* End PBXProject section */

/* Begin PBXReferenceProxy section */
		20BD51FA27B17C3C00638296 /* 03-单向链表 */ = {
			isa = PBXReferenceProxy;
			fileType = "compiled.mach-o.executable";
			path = "03-单向链表";
			remoteRef = 20BD51F927B17C3C00638296 /* PBXContainerItemProxy */;
			sourceTree = BUILT_PRODUCTS_DIR;
		};
		20BD521B27B17CC100638296 /* 03-双向链表 */ = {
			isa = PBXReferenceProxy;
			fileType = "compiled.mach-o.executable";
			path = "03-双向链表";
			remoteRef = 20BD521A27B17CC100638296 /* PBXContainerItemProxy */;
			sourceTree = BUILT_PRODUCTS_DIR;
		};
		20BD524327B17E6600638296 /* 03-单向循环链表 */ = {
			isa = PBXReferenceProxy;
			fileType = "compiled.mach-o.executable";
			path = "03-单向循环链表";
			remoteRef = 20BD524227B17E6600638296 /* PBXContainerItemProxy */;
			sourceTree = BUILT_PRODUCTS_DIR;
		};
		20BD526427B1FE4A00638296 /* 03-双向循环链表 */ = {
			isa = PBXReferenceProxy;
			fileType = "compiled.mach-o.executable";
			path = "03-双向循环链表";
			remoteRef = 20BD526327B1FE4A00638296 /* PBXContainerItemProxy */;
			sourceTree = BUILT_PRODUCTS_DIR;
		};
/* End PBXReferenceProxy section */

/* Begin PBXSourcesBuildPhase section */
		20BD51D427B17BFF00638296 /* Sources */ = {
			isa = PBXSourcesBuildPhase;
			buildActionMask = 2147483647;
			files = (
			);
			runOnlyForDeploymentPostprocessing = 0;
		};
/* End PBXSourcesBuildPhase section */

/* Begin XCBuildConfiguration section */
		20BD51DD27B17BFF00638296 /* Debug */ = {
			isa = XCBuildConfiguration;
			buildSettings = {
				ALWAYS_SEARCH_USER_PATHS = NO;
				CLANG_ANALYZER_NONNULL = YES;
				CLANG_ANALYZER_NUMBER_OBJECT_CONVERSION = YES_AGGRESSIVE;
				CLANG_CXX_LANGUAGE_STANDARD = "gnu++14";
				CLANG_CXX_LIBRARY = "libc++";
				CLANG_ENABLE_MODULES = YES;
				CLANG_ENABLE_OBJC_ARC = YES;
				CLANG_ENABLE_OBJC_WEAK = YES;
				CLANG_WARN_BLOCK_CAPTURE_AUTORELEASING = YES;
				CLANG_WARN_BOOL_CONVERSION = YES;
				CLANG_WARN_COMMA = YES;
				CLANG_WARN_CONSTANT_CONVERSION = YES;
				CLANG_WARN_DEPRECATED_OBJC_IMPLEMENTATIONS = YES;
				CLANG_WARN_DIRECT_OBJC_ISA_USAGE = YES_ERROR;
				CLANG_WARN_DOCUMENTATION_COMMENTS = YES;
				CLANG_WARN_EMPTY_BODY = YES;
				CLANG_WARN_ENUM_CONVERSION = YES;
				CLANG_WARN_INFINITE_RECURSION = YES;
				CLANG_WARN_INT_CONVERSION = YES;
				CLANG_WARN_NON_LITERAL_NULL_CONVERSION = YES;
				CLANG_WARN_OBJC_IMPLICIT_RETAIN_SELF = YES;
				CLANG_WARN_OBJC_LITERAL_CONVERSION = YES;
				CLANG_WARN_OBJC_ROOT_CLASS = YES_ERROR;
				CLANG_WARN_QUOTED_INCLUDE_IN_FRAMEWORK_HEADER = YES;
				CLANG_WARN_RANGE_LOOP_ANALYSIS = YES;
				CLANG_WARN_STRICT_PROTOTYPES = YES;
				CLANG_WARN_SUSPICIOUS_MOVE = YES;
				CLANG_WARN_UNGUARDED_AVAILABILITY = YES_AGGRESSIVE;
				CLANG_WARN_UNREACHABLE_CODE = YES;
				CLANG_WARN__DUPLICATE_METHOD_MATCH = YES;
				COPY_PHASE_STRIP = NO;
				DEBUG_INFORMATION_FORMAT = dwarf;
				ENABLE_STRICT_OBJC_MSGSEND = YES;
				ENABLE_TESTABILITY = YES;
				GCC_C_LANGUAGE_STANDARD = gnu11;
				GCC_DYNAMIC_NO_PIC = NO;
				GCC_NO_COMMON_BLOCKS = YES;
				GCC_OPTIMIZATION_LEVEL = 0;
				GCC_PREPROCESSOR_DEFINITIONS = (
					"DEBUG=1",
					"$(inherited)",
				);
				GCC_WARN_64_TO_32_BIT_CONVERSION = YES;
				GCC_WARN_ABOUT_RETURN_TYPE = YES_ERROR;
				GCC_WARN_UNDECLARED_SELECTOR = YES;
				GCC_WARN_UNINITIALIZED_AUTOS = YES_AGGRESSIVE;
				GCC_WARN_UNUSED_FUNCTION = YES;
				GCC_WARN_UNUSED_VARIABLE = YES;
				MACOSX_DEPLOYMENT_TARGET = 11.3;
				MTL_ENABLE_DEBUG_INFO = INCLUDE_SOURCE;
				MTL_FAST_MATH = YES;
				ONLY_ACTIVE_ARCH = YES;
				SDKROOT = macosx;
				SWIFT_ACTIVE_COMPILATION_CONDITIONS = DEBUG;
				SWIFT_OPTIMIZATION_LEVEL = "-Onone";
			};
			name = Debug;
		};
		20BD51DE27B17BFF00638296 /* Release */ = {
			isa = XCBuildConfiguration;
			buildSettings = {
				ALWAYS_SEARCH_USER_PATHS = NO;
				CLANG_ANALYZER_NONNULL = YES;
				CLANG_ANALYZER_NUMBER_OBJECT_CONVERSION = YES_AGGRESSIVE;
				CLANG_CXX_LANGUAGE_STANDARD = "gnu++14";
				CLANG_CXX_LIBRARY = "libc++";
				CLANG_ENABLE_MODULES = YES;
				CLANG_ENABLE_OBJC_ARC = YES;
				CLANG_ENABLE_OBJC_WEAK = YES;
				CLANG_WARN_BLOCK_CAPTURE_AUTORELEASING = YES;
				CLANG_WARN_BOOL_CONVERSION = YES;
				CLANG_WARN_COMMA = YES;
				CLANG_WARN_CONSTANT_CONVERSION = YES;
				CLANG_WARN_DEPRECATED_OBJC_IMPLEMENTATIONS = YES;
				CLANG_WARN_DIRECT_OBJC_ISA_USAGE = YES_ERROR;
				CLANG_WARN_DOCUMENTATION_COMMENTS = YES;
				CLANG_WARN_EMPTY_BODY = YES;
				CLANG_WARN_ENUM_CONVERSION = YES;
				CLANG_WARN_INFINITE_RECURSION = YES;
				CLANG_WARN_INT_CONVERSION = YES;
				CLANG_WARN_NON_LITERAL_NULL_CONVERSION = YES;
				CLANG_WARN_OBJC_IMPLICIT_RETAIN_SELF = YES;
				CLANG_WARN_OBJC_LITERAL_CONVERSION = YES;
				CLANG_WARN_OBJC_ROOT_CLASS = YES_ERROR;
				CLANG_WARN_QUOTED_INCLUDE_IN_FRAMEWORK_HEADER = YES;
				CLANG_WARN_RANGE_LOOP_ANALYSIS = YES;
				CLANG_WARN_STRICT_PROTOTYPES = YES;
				CLANG_WARN_SUSPICIOUS_MOVE = YES;
				CLANG_WARN_UNGUARDED_AVAILABILITY = YES_AGGRESSIVE;
				CLANG_WARN_UNREACHABLE_CODE = YES;
				CLANG_WARN__DUPLICATE_METHOD_MATCH = YES;
				COPY_PHASE_STRIP = NO;
				DEBUG_INFORMATION_FORMAT = "dwarf-with-dsym";
				ENABLE_NS_ASSERTIONS = NO;
				ENABLE_STRICT_OBJC_MSGSEND = YES;
				GCC_C_LANGUAGE_STANDARD = gnu11;
				GCC_NO_COMMON_BLOCKS = YES;
				GCC_WARN_64_TO_32_BIT_CONVERSION = YES;
				GCC_WARN_ABOUT_RETURN_TYPE = YES_ERROR;
				GCC_WARN_UNDECLARED_SELECTOR = YES;
				GCC_WARN_UNINITIALIZED_AUTOS = YES_AGGRESSIVE;
				GCC_WARN_UNUSED_FUNCTION = YES;
				GCC_WARN_UNUSED_VARIABLE = YES;
				MACOSX_DEPLOYMENT_TARGET = 11.3;
				MTL_ENABLE_DEBUG_INFO = NO;
				MTL_FAST_MATH = YES;
				SDKROOT = macosx;
				SWIFT_COMPILATION_MODE = wholemodule;
				SWIFT_OPTIMIZATION_LEVEL = "-O";
			};
			name = Release;
		};
		20BD51E027B17BFF00638296 /* Debug */ = {
			isa = XCBuildConfiguration;
			buildSettings = {
				CODE_SIGN_STYLE = Automatic;
				PRODUCT_NAME = "$(TARGET_NAME)";
				SWIFT_VERSION = 5.0;
			};
			name = Debug;
		};
		20BD51E127B17BFF00638296 /* Release */ = {
			isa = XCBuildConfiguration;
			buildSettings = {
				CODE_SIGN_STYLE = Automatic;
				PRODUCT_NAME = "$(TARGET_NAME)";
				SWIFT_VERSION = 5.0;
			};
			name = Release;
		};
/* End XCBuildConfiguration section */

/* Begin XCConfigurationList section */
		20BD51D327B17BFF00638296 /* Build configuration list for PBXProject "03-链表" */ = {
			isa = XCConfigurationList;
			buildConfigurations = (
				20BD51DD27B17BFF00638296 /* Debug */,
				20BD51DE27B17BFF00638296 /* Release */,
			);
			defaultConfigurationIsVisible = 0;
			defaultConfigurationName = Release;
		};
		20BD51DF27B17BFF00638296 /* Build configuration list for PBXNativeTarget "03-链表" */ = {
			isa = XCConfigurationList;
			buildConfigurations = (
				20BD51E027B17BFF00638296 /* Debug */,
				20BD51E127B17BFF00638296 /* Release */,
			);
			defaultConfigurationIsVisible = 0;
			defaultConfigurationName = Release;
		};
/* End XCConfigurationList section */
	};
	rootObject = 20BD51D027B17BFF00638296 /* Project object */;
}
