// !$*UTF8*$!
{
	archiveVersion = 1;
	classes = {
	};
	objectVersion = 50;
	objects = {

/* Begin PBXBuildFile section */
		203867FD27BC9C870040FC64 /* main.swift in Sources */ = {isa = PBXBuildFile; fileRef = 203867FC27BC9C870040FC64 /* main.swift */; };
		2038681427BC9DBD0040FC64 /* Deque.swift in Sources */ = {isa = PBXBuildFile; fileRef = 2038681327BC9DBD0040FC64 /* Deque.swift */; };
		2038681627BC9E710040FC64 /* CircleQueue.swift in Sources */ = {isa = PBXBuildFile; fileRef = 2038681527BC9E710040FC64 /* CircleQueue.swift */; };
		2038681827BC9EA30040FC64 /* CircleDeque.swift in Sources */ = {isa = PBXBuildFile; fileRef = 2038681727BC9EA30040FC64 /* CircleDeque.swift */; };
		20A5210D27EB79A400AF3F29 /* Queue.swift in Sources */ = {isa = PBXBuildFile; fileRef = 20A5210C27EB79A400AF3F29 /* Queue.swift */; };
/* End PBXBuildFile section */

/* Begin PBXCopyFilesBuildPhase section */
		203867F727BC9C870040FC64 /* CopyFiles */ = {
			isa = PBXCopyFilesBuildPhase;
			buildActionMask = 2147483647;
			dstPath = /usr/share/man/man1/;
			dstSubfolderSpec = 0;
			files = (
			);
			runOnlyForDeploymentPostprocessing = 1;
		};
/* End PBXCopyFilesBuildPhase section */

/* Begin PBXFileReference section */
		203867F927BC9C870040FC64 /* 05-队列 */ = {isa = PBXFileReference; explicitFileType = "compiled.mach-o.executable"; includeInIndex = 0; path = "05-队列"; sourceTree = BUILT_PRODUCTS_DIR; };
		203867FC27BC9C870040FC64 /* main.swift */ = {isa = PBXFileReference; lastKnownFileType = sourcecode.swift; path = main.swift; sourceTree = "<group>"; };
		2038681327BC9DBD0040FC64 /* Deque.swift */ = {isa = PBXFileReference; lastKnownFileType = sourcecode.swift; path = Deque.swift; sourceTree = "<group>"; };
		2038681527BC9E710040FC64 /* CircleQueue.swift */ = {isa = PBXFileReference; lastKnownFileType = sourcecode.swift; path = CircleQueue.swift; sourceTree = "<group>"; };
		2038681727BC9EA30040FC64 /* CircleDeque.swift */ = {isa = PBXFileReference; lastKnownFileType = sourcecode.swift; path = CircleDeque.swift; sourceTree = "<group>"; };
		20A5210C27EB79A400AF3F29 /* Queue.swift */ = {isa = PBXFileReference; fileEncoding = 4; lastKnownFileType = sourcecode.swift; path = Queue.swift; sourceTree = "<group>"; };
		20A5210F27EB79AF00AF3F29 /* DoubleLinkedList.swift */ = {isa = PBXFileReference; lastKnownFileType = sourcecode.swift; path = DoubleLinkedList.swift; sourceTree = "<group>"; };
		20A5211027EB79AF00AF3F29 /* List.swift */ = {isa = PBXFileReference; lastKnownFileType = sourcecode.swift; path = List.swift; sourceTree = "<group>"; };
/* End PBXFileReference section */

/* Begin PBXFrameworksBuildPhase section */
		203867F627BC9C870040FC64 /* Frameworks */ = {
			isa = PBXFrameworksBuildPhase;
			buildActionMask = 2147483647;
			files = (
			);
			runOnlyForDeploymentPostprocessing = 0;
		};
/* End PBXFrameworksBuildPhase section */

/* Begin PBXGroup section */
		203867F027BC9C870040FC64 = {
			isa = PBXGroup;
			children = (
				203867FB27BC9C870040FC64 /* 05-队列 */,
				203867FA27BC9C870040FC64 /* Products */,
			);
			sourceTree = "<group>";
		};
		203867FA27BC9C870040FC64 /* Products */ = {
			isa = PBXGroup;
			children = (
				203867F927BC9C870040FC64 /* 05-队列 */,
			);
			name = Products;
			sourceTree = "<group>";
		};
		203867FB27BC9C870040FC64 /* 05-队列 */ = {
			isa = PBXGroup;
			children = (
				203867FC27BC9C870040FC64 /* main.swift */,
				20A5210C27EB79A400AF3F29 /* Queue.swift */,
				2038681327BC9DBD0040FC64 /* Deque.swift */,
				2038681527BC9E710040FC64 /* CircleQueue.swift */,
				2038681727BC9EA30040FC64 /* CircleDeque.swift */,
				20A5210E27EB79AF00AF3F29 /* list */,
			);
			path = "05-队列";
			sourceTree = "<group>";
		};
		20A5210E27EB79AF00AF3F29 /* list */ = {
			isa = PBXGroup;
			children = (
				20A5210F27EB79AF00AF3F29 /* DoubleLinkedList.swift */,
				20A5211027EB79AF00AF3F29 /* List.swift */,
			);
			path = list;
			sourceTree = "<group>";
		};
/* End PBXGroup section */

/* Begin PBXNativeTarget section */
		203867F827BC9C870040FC64 /* 05-队列 */ = {
			isa = PBXNativeTarget;
			buildConfigurationList = 2038680027BC9C870040FC64 /* Build configuration list for PBXNativeTarget "05-队列" */;
			buildPhases = (
				203867F527BC9C870040FC64 /* Sources */,
				203867F627BC9C870040FC64 /* Frameworks */,
				203867F727BC9C870040FC64 /* CopyFiles */,
			);
			buildRules = (
			);
			dependencies = (
			);
			name = "05-队列";
			productName = "05-队列";
			productReference = 203867F927BC9C870040FC64 /* 05-队列 */;
			productType = "com.apple.product-type.tool";
		};
/* End PBXNativeTarget section */

/* Begin PBXProject section */
		203867F127BC9C870040FC64 /* Project object */ = {
			isa = PBXProject;
			attributes = {
				LastSwiftUpdateCheck = 1250;
				LastUpgradeCheck = 1320;
				TargetAttributes = {
					203867F827BC9C870040FC64 = {
						CreatedOnToolsVersion = 12.5;
					};
				};
			};
			buildConfigurationList = 203867F427BC9C870040FC64 /* Build configuration list for PBXProject "05-队列" */;
			compatibilityVersion = "Xcode 9.3";
			developmentRegion = en;
			hasScannedForEncodings = 0;
			knownRegions = (
				en,
				Base,
			);
			mainGroup = 203867F027BC9C870040FC64;
			productRefGroup = 203867FA27BC9C870040FC64 /* Products */;
			projectDirPath = "";
			projectRoot = "";
			targets = (
				203867F827BC9C870040FC64 /* 05-队列 */,
			);
		};
/* End PBXProject section */

/* Begin PBXSourcesBuildPhase section */
		203867F527BC9C870040FC64 /* Sources */ = {
			isa = PBXSourcesBuildPhase;
			buildActionMask = 2147483647;
			files = (
				203867FD27BC9C870040FC64 /* main.swift in Sources */,
				20A5210D27EB79A400AF3F29 /* Queue.swift in Sources */,
				2038681627BC9E710040FC64 /* CircleQueue.swift in Sources */,
				2038681427BC9DBD0040FC64 /* Deque.swift in Sources */,
				2038681827BC9EA30040FC64 /* CircleDeque.swift in Sources */,
			);
			runOnlyForDeploymentPostprocessing = 0;
		};
/* End PBXSourcesBuildPhase section */

/* Begin XCBuildConfiguration section */
		203867FE27BC9C870040FC64 /* Debug */ = {
			isa = XCBuildConfiguration;
			buildSettings = {
				ALWAYS_SEARCH_USER_PATHS = NO;
				CLANG_ANALYZER_NONNULL = YES;
				CLANG_ANALYZER_NUMBER_OBJECT_CONVERSION = YES_AGGRESSIVE;
				CLANG_CXX_LANGUAGE_STANDARD = "gnu++14";
				CLANG_CXX_LIBRARY = "libc++";
				CLANG_ENABLE_MODULES = YES;
				CLANG_ENABLE_OBJC_ARC = YES;
				CLANG_ENABLE_OBJC_WEAK = YES;
				CLANG_WARN_BLOCK_CAPTURE_AUTORELEASING = YES;
				CLANG_WARN_BOOL_CONVERSION = YES;
				CLANG_WARN_COMMA = YES;
				CLANG_WARN_CONSTANT_CONVERSION = YES;
				CLANG_WARN_DEPRECATED_OBJC_IMPLEMENTATIONS = YES;
				CLANG_WARN_DIRECT_OBJC_ISA_USAGE = YES_ERROR;
				CLANG_WARN_DOCUMENTATION_COMMENTS = YES;
				CLANG_WARN_EMPTY_BODY = YES;
				CLANG_WARN_ENUM_CONVERSION = YES;
				CLANG_WARN_INFINITE_RECURSION = YES;
				CLANG_WARN_INT_CONVERSION = YES;
				CLANG_WARN_NON_LITERAL_NULL_CONVERSION = YES;
				CLANG_WARN_OBJC_IMPLICIT_RETAIN_SELF = YES;
				CLANG_WARN_OBJC_LITERAL_CONVERSION = YES;
				CLANG_WARN_OBJC_ROOT_CLASS = YES_ERROR;
				CLANG_WARN_QUOTED_INCLUDE_IN_FRAMEWORK_HEADER = YES;
				CLANG_WARN_RANGE_LOOP_ANALYSIS = YES;
				CLANG_WARN_STRICT_PROTOTYPES = YES;
				CLANG_WARN_SUSPICIOUS_MOVE = YES;
				CLANG_WARN_UNGUARDED_AVAILABILITY = YES_AGGRESSIVE;
				CLANG_WARN_UNREACHABLE_CODE = YES;
				CLANG_WARN__DUPLICATE_METHOD_MATCH = YES;
				COPY_PHASE_STRIP = NO;
				DEBUG_INFORMATION_FORMAT = dwarf;
				ENABLE_STRICT_OBJC_MSGSEND = YES;
				ENABLE_TESTABILITY = YES;
				GCC_C_LANGUAGE_STANDARD = gnu11;
				GCC_DYNAMIC_NO_PIC = NO;
				GCC_NO_COMMON_BLOCKS = YES;
				GCC_OPTIMIZATION_LEVEL = 0;
				GCC_PREPROCESSOR_DEFINITIONS = (
					"DEBUG=1",
					"$(inherited)",
				);
				GCC_WARN_64_TO_32_BIT_CONVERSION = YES;
				GCC_WARN_ABOUT_RETURN_TYPE = YES_ERROR;
				GCC_WARN_UNDECLARED_SELECTOR = YES;
				GCC_WARN_UNINITIALIZED_AUTOS = YES_AGGRESSIVE;
				GCC_WARN_UNUSED_FUNCTION = YES;
				GCC_WARN_UNUSED_VARIABLE = YES;
				MACOSX_DEPLOYMENT_TARGET = 11.3;
				MTL_ENABLE_DEBUG_INFO = INCLUDE_SOURCE;
				MTL_FAST_MATH = YES;
				ONLY_ACTIVE_ARCH = YES;
				SDKROOT = macosx;
				SWIFT_ACTIVE_COMPILATION_CONDITIONS = DEBUG;
				SWIFT_OPTIMIZATION_LEVEL = "-Onone";
			};
			name = Debug;
		};
		203867FF27BC9C870040FC64 /* Release */ = {
			isa = XCBuildConfiguration;
			buildSettings = {
				ALWAYS_SEARCH_USER_PATHS = NO;
				CLANG_ANALYZER_NONNULL = YES;
				CLANG_ANALYZER_NUMBER_OBJECT_CONVERSION = YES_AGGRESSIVE;
				CLANG_CXX_LANGUAGE_STANDARD = "gnu++14";
				CLANG_CXX_LIBRARY = "libc++";
				CLANG_ENABLE_MODULES = YES;
				CLANG_ENABLE_OBJC_ARC = YES;
				CLANG_ENABLE_OBJC_WEAK = YES;
				CLANG_WARN_BLOCK_CAPTURE_AUTORELEASING = YES;
				CLANG_WARN_BOOL_CONVERSION = YES;
				CLANG_WARN_COMMA = YES;
				CLANG_WARN_CONSTANT_CONVERSION = YES;
				CLANG_WARN_DEPRECATED_OBJC_IMPLEMENTATIONS = YES;
				CLANG_WARN_DIRECT_OBJC_ISA_USAGE = YES_ERROR;
				CLANG_WARN_DOCUMENTATION_COMMENTS = YES;
				CLANG_WARN_EMPTY_BODY = YES;
				CLANG_WARN_ENUM_CONVERSION = YES;
				CLANG_WARN_INFINITE_RECURSION = YES;
				CLANG_WARN_INT_CONVERSION = YES;
				CLANG_WARN_NON_LITERAL_NULL_CONVERSION = YES;
				CLANG_WARN_OBJC_IMPLICIT_RETAIN_SELF = YES;
				CLANG_WARN_OBJC_LITERAL_CONVERSION = YES;
				CLANG_WARN_OBJC_ROOT_CLASS = YES_ERROR;
				CLANG_WARN_QUOTED_INCLUDE_IN_FRAMEWORK_HEADER = YES;
				CLANG_WARN_RANGE_LOOP_ANALYSIS = YES;
				CLANG_WARN_STRICT_PROTOTYPES = YES;
				CLANG_WARN_SUSPICIOUS_MOVE = YES;
				CLANG_WARN_UNGUARDED_AVAILABILITY = YES_AGGRESSIVE;
				CLANG_WARN_UNREACHABLE_CODE = YES;
				CLANG_WARN__DUPLICATE_METHOD_MATCH = YES;
				COPY_PHASE_STRIP = NO;
				DEBUG_INFORMATION_FORMAT = "dwarf-with-dsym";
				ENABLE_NS_ASSERTIONS = NO;
				ENABLE_STRICT_OBJC_MSGSEND = YES;
				GCC_C_LANGUAGE_STANDARD = gnu11;
				GCC_NO_COMMON_BLOCKS = YES;
				GCC_WARN_64_TO_32_BIT_CONVERSION = YES;
				GCC_WARN_ABOUT_RETURN_TYPE = YES_ERROR;
				GCC_WARN_UNDECLARED_SELECTOR = YES;
				GCC_WARN_UNINITIALIZED_AUTOS = YES_AGGRESSIVE;
				GCC_WARN_UNUSED_FUNCTION = YES;
				GCC_WARN_UNUSED_VARIABLE = YES;
				MACOSX_DEPLOYMENT_TARGET = 11.3;
				MTL_ENABLE_DEBUG_INFO = NO;
				MTL_FAST_MATH = YES;
				SDKROOT = macosx;
				SWIFT_COMPILATION_MODE = wholemodule;
				SWIFT_OPTIMIZATION_LEVEL = "-O";
			};
			name = Release;
		};
		2038680127BC9C870040FC64 /* Debug */ = {
			isa = XCBuildConfiguration;
			buildSettings = {
				CODE_SIGN_IDENTITY = "-";
				CODE_SIGN_STYLE = Automatic;
				PRODUCT_NAME = "$(TARGET_NAME)";
				SWIFT_VERSION = 5.0;
			};
			name = Debug;
		};
		2038680227BC9C870040FC64 /* Release */ = {
			isa = XCBuildConfiguration;
			buildSettings = {
				CODE_SIGN_IDENTITY = "-";
				CODE_SIGN_STYLE = Automatic;
				PRODUCT_NAME = "$(TARGET_NAME)";
				SWIFT_VERSION = 5.0;
			};
			name = Release;
		};
/* End XCBuildConfiguration section */

/* Begin XCConfigurationList section */
		203867F427BC9C870040FC64 /* Build configuration list for PBXProject "05-队列" */ = {
			isa = XCConfigurationList;
			buildConfigurations = (
				203867FE27BC9C870040FC64 /* Debug */,
				203867FF27BC9C870040FC64 /* Release */,
			);
			defaultConfigurationIsVisible = 0;
			defaultConfigurationName = Release;
		};
		2038680027BC9C870040FC64 /* Build configuration list for PBXNativeTarget "05-队列" */ = {
			isa = XCConfigurationList;
			buildConfigurations = (
				2038680127BC9C870040FC64 /* Debug */,
				2038680227BC9C870040FC64 /* Release */,
			);
			defaultConfigurationIsVisible = 0;
			defaultConfigurationName = Release;
		};
/* End XCConfigurationList section */
	};
	rootObject = 203867F127BC9C870040FC64 /* Project object */;
}
