// !$*UTF8*$!
{
	archiveVersion = 1;
	classes = {
	};
	objectVersion = 55;
	objects = {

/* Begin PBXBuildFile section */
		20D5F2CD27F3EEFA00859F5C /* AVLTree.swift in Sources */ = {isa = PBXBuildFile; fileRef = 20D5F2CC27F3EEFA00859F5C /* AVLTree.swift */; };
		20D5F2CF27F3F74900859F5C /* AVLNode.swift in Sources */ = {isa = PBXBuildFile; fileRef = 20D5F2CE27F3F74900859F5C /* AVLNode.swift */; };
		20EAB0FE27F2DC6A00F80CCE /* main.swift in Sources */ = {isa = PBXBuildFile; fileRef = 20EAB0FD27F2DC6A00F80CCE /* main.swift */; };
		20EAB10527F2DC7500F80CCE /* BinaryTree.swift in Sources */ = {isa = PBXBuildFile; fileRef = 20EAB10427F2DC7500F80CCE /* BinaryTree.swift */; };
		20EAB10727F2E01500F80CCE /* TreeNode.swift in Sources */ = {isa = PBXBuildFile; fileRef = 20EAB10627F2E01500F80CCE /* TreeNode.swift */; };
		20EAB10927F2EE6200F80CCE /* BST.swift in Sources */ = {isa = PBXBuildFile; fileRef = 20EAB10827F2EE6200F80CCE /* BST.swift */; };
/* End PBXBuildFile section */

/* Begin PBXCopyFilesBuildPhase section */
		20EAB0F827F2DC6A00F80CCE /* CopyFiles */ = {
			isa = PBXCopyFilesBuildPhase;
			buildActionMask = 2147483647;
			dstPath = /usr/share/man/man1/;
			dstSubfolderSpec = 0;
			files = (
			);
			runOnlyForDeploymentPostprocessing = 1;
		};
/* End PBXCopyFilesBuildPhase section */

/* Begin PBXFileReference section */
		20D5F2CC27F3EEFA00859F5C /* AVLTree.swift */ = {isa = PBXFileReference; lastKnownFileType = sourcecode.swift; path = AVLTree.swift; sourceTree = "<group>"; };
		20D5F2CE27F3F74900859F5C /* AVLNode.swift */ = {isa = PBXFileReference; lastKnownFileType = sourcecode.swift; path = AVLNode.swift; sourceTree = "<group>"; };
		20EAB0FA27F2DC6A00F80CCE /* 07-AVL树 */ = {isa = PBXFileReference; explicitFileType = "compiled.mach-o.executable"; includeInIndex = 0; path = "07-AVL树"; sourceTree = BUILT_PRODUCTS_DIR; };
		20EAB0FD27F2DC6A00F80CCE /* main.swift */ = {isa = PBXFileReference; lastKnownFileType = sourcecode.swift; path = main.swift; sourceTree = "<group>"; };
		20EAB10427F2DC7500F80CCE /* BinaryTree.swift */ = {isa = PBXFileReference; lastKnownFileType = sourcecode.swift; path = BinaryTree.swift; sourceTree = "<group>"; };
		20EAB10627F2E01500F80CCE /* TreeNode.swift */ = {isa = PBXFileReference; lastKnownFileType = sourcecode.swift; path = TreeNode.swift; sourceTree = "<group>"; };
		20EAB10827F2EE6200F80CCE /* BST.swift */ = {isa = PBXFileReference; lastKnownFileType = sourcecode.swift; path = BST.swift; sourceTree = "<group>"; };
/* End PBXFileReference section */

/* Begin PBXFrameworksBuildPhase section */
		20EAB0F727F2DC6A00F80CCE /* Frameworks */ = {
			isa = PBXFrameworksBuildPhase;
			buildActionMask = 2147483647;
			files = (
			);
			runOnlyForDeploymentPostprocessing = 0;
		};
/* End PBXFrameworksBuildPhase section */

/* Begin PBXGroup section */
		20EAB0F127F2DC6A00F80CCE = {
			isa = PBXGroup;
			children = (
				20EAB0FC27F2DC6A00F80CCE /* 07-AVL树 */,
				20EAB0FB27F2DC6A00F80CCE /* Products */,
			);
			sourceTree = "<group>";
		};
		20EAB0FB27F2DC6A00F80CCE /* Products */ = {
			isa = PBXGroup;
			children = (
				20EAB0FA27F2DC6A00F80CCE /* 07-AVL树 */,
			);
			name = Products;
			sourceTree = "<group>";
		};
		20EAB0FC27F2DC6A00F80CCE /* 07-AVL树 */ = {
			isa = PBXGroup;
			children = (
				20EAB0FD27F2DC6A00F80CCE /* main.swift */,
				20D5F2CC27F3EEFA00859F5C /* AVLTree.swift */,
				20EAB10827F2EE6200F80CCE /* BST.swift */,
				20EAB10427F2DC7500F80CCE /* BinaryTree.swift */,
				20EAB10627F2E01500F80CCE /* TreeNode.swift */,
				20D5F2CE27F3F74900859F5C /* AVLNode.swift */,
			);
			path = "07-AVL树";
			sourceTree = "<group>";
		};
/* End PBXGroup section */

/* Begin PBXNativeTarget section */
		20EAB0F927F2DC6A00F80CCE /* 07-AVL树 */ = {
			isa = PBXNativeTarget;
			buildConfigurationList = 20EAB10127F2DC6A00F80CCE /* Build configuration list for PBXNativeTarget "07-AVL树" */;
			buildPhases = (
				20EAB0F627F2DC6A00F80CCE /* Sources */,
				20EAB0F727F2DC6A00F80CCE /* Frameworks */,
				20EAB0F827F2DC6A00F80CCE /* CopyFiles */,
			);
			buildRules = (
			);
			dependencies = (
			);
			name = "07-AVL树";
			productName = "07-AVL树";
			productReference = 20EAB0FA27F2DC6A00F80CCE /* 07-AVL树 */;
			productType = "com.apple.product-type.tool";
		};
/* End PBXNativeTarget section */

/* Begin PBXProject section */
		20EAB0F227F2DC6A00F80CCE /* Project object */ = {
			isa = PBXProject;
			attributes = {
				BuildIndependentTargetsInParallel = 1;
				LastSwiftUpdateCheck = 1320;
				LastUpgradeCheck = 1320;
				TargetAttributes = {
					20EAB0F927F2DC6A00F80CCE = {
						CreatedOnToolsVersion = 13.2.1;
					};
				};
			};
			buildConfigurationList = 20EAB0F527F2DC6A00F80CCE /* Build configuration list for PBXProject "07-AVL树" */;
			compatibilityVersion = "Xcode 13.0";
			developmentRegion = en;
			hasScannedForEncodings = 0;
			knownRegions = (
				en,
				Base,
			);
			mainGroup = 20EAB0F127F2DC6A00F80CCE;
			productRefGroup = 20EAB0FB27F2DC6A00F80CCE /* Products */;
			projectDirPath = "";
			projectRoot = "";
			targets = (
				20EAB0F927F2DC6A00F80CCE /* 07-AVL树 */,
			);
		};
/* End PBXProject section */

/* Begin PBXSourcesBuildPhase section */
		20EAB0F627F2DC6A00F80CCE /* Sources */ = {
			isa = PBXSourcesBuildPhase;
			buildActionMask = 2147483647;
			files = (
				20EAB10527F2DC7500F80CCE /* BinaryTree.swift in Sources */,
				20EAB10927F2EE6200F80CCE /* BST.swift in Sources */,
				20EAB0FE27F2DC6A00F80CCE /* main.swift in Sources */,
				20D5F2CF27F3F74900859F5C /* AVLNode.swift in Sources */,
				20EAB10727F2E01500F80CCE /* TreeNode.swift in Sources */,
				20D5F2CD27F3EEFA00859F5C /* AVLTree.swift in Sources */,
			);
			runOnlyForDeploymentPostprocessing = 0;
		};
/* End PBXSourcesBuildPhase section */

/* Begin XCBuildConfiguration section */
		20EAB0FF27F2DC6A00F80CCE /* Debug */ = {
			isa = XCBuildConfiguration;
			buildSettings = {
				ALWAYS_SEARCH_USER_PATHS = NO;
				CLANG_ANALYZER_NONNULL = YES;
				CLANG_ANALYZER_NUMBER_OBJECT_CONVERSION = YES_AGGRESSIVE;
				CLANG_CXX_LANGUAGE_STANDARD = "gnu++17";
				CLANG_CXX_LIBRARY = "libc++";
				CLANG_ENABLE_MODULES = YES;
				CLANG_ENABLE_OBJC_ARC = YES;
				CLANG_ENABLE_OBJC_WEAK = YES;
				CLANG_WARN_BLOCK_CAPTURE_AUTORELEASING = YES;
				CLANG_WARN_BOOL_CONVERSION = YES;
				CLANG_WARN_COMMA = YES;
				CLANG_WARN_CONSTANT_CONVERSION = YES;
				CLANG_WARN_DEPRECATED_OBJC_IMPLEMENTATIONS = YES;
				CLANG_WARN_DIRECT_OBJC_ISA_USAGE = YES_ERROR;
				CLANG_WARN_DOCUMENTATION_COMMENTS = YES;
				CLANG_WARN_EMPTY_BODY = YES;
				CLANG_WARN_ENUM_CONVERSION = YES;
				CLANG_WARN_INFINITE_RECURSION = YES;
				CLANG_WARN_INT_CONVERSION = YES;
				CLANG_WARN_NON_LITERAL_NULL_CONVERSION = YES;
				CLANG_WARN_OBJC_IMPLICIT_RETAIN_SELF = YES;
				CLANG_WARN_OBJC_LITERAL_CONVERSION = YES;
				CLANG_WARN_OBJC_ROOT_CLASS = YES_ERROR;
				CLANG_WARN_QUOTED_INCLUDE_IN_FRAMEWORK_HEADER = YES;
				CLANG_WARN_RANGE_LOOP_ANALYSIS = YES;
				CLANG_WARN_STRICT_PROTOTYPES = YES;
				CLANG_WARN_SUSPICIOUS_MOVE = YES;
				CLANG_WARN_UNGUARDED_AVAILABILITY = YES_AGGRESSIVE;
				CLANG_WARN_UNREACHABLE_CODE = YES;
				CLANG_WARN__DUPLICATE_METHOD_MATCH = YES;
				COPY_PHASE_STRIP = NO;
				DEBUG_INFORMATION_FORMAT = dwarf;
				ENABLE_STRICT_OBJC_MSGSEND = YES;
				ENABLE_TESTABILITY = YES;
				GCC_C_LANGUAGE_STANDARD = gnu11;
				GCC_DYNAMIC_NO_PIC = NO;
				GCC_NO_COMMON_BLOCKS = YES;
				GCC_OPTIMIZATION_LEVEL = 0;
				GCC_PREPROCESSOR_DEFINITIONS = (
					"DEBUG=1",
					"$(inherited)",
				);
				GCC_WARN_64_TO_32_BIT_CONVERSION = YES;
				GCC_WARN_ABOUT_RETURN_TYPE = YES_ERROR;
				GCC_WARN_UNDECLARED_SELECTOR = YES;
				GCC_WARN_UNINITIALIZED_AUTOS = YES_AGGRESSIVE;
				GCC_WARN_UNUSED_FUNCTION = YES;
				GCC_WARN_UNUSED_VARIABLE = YES;
				MACOSX_DEPLOYMENT_TARGET = 12.1;
				MTL_ENABLE_DEBUG_INFO = INCLUDE_SOURCE;
				MTL_FAST_MATH = YES;
				ONLY_ACTIVE_ARCH = YES;
				SDKROOT = macosx;
				SWIFT_ACTIVE_COMPILATION_CONDITIONS = DEBUG;
				SWIFT_OPTIMIZATION_LEVEL = "-Onone";
			};
			name = Debug;
		};
		20EAB10027F2DC6A00F80CCE /* Release */ = {
			isa = XCBuildConfiguration;
			buildSettings = {
				ALWAYS_SEARCH_USER_PATHS = NO;
				CLANG_ANALYZER_NONNULL = YES;
				CLANG_ANALYZER_NUMBER_OBJECT_CONVERSION = YES_AGGRESSIVE;
				CLANG_CXX_LANGUAGE_STANDARD = "gnu++17";
				CLANG_CXX_LIBRARY = "libc++";
				CLANG_ENABLE_MODULES = YES;
				CLANG_ENABLE_OBJC_ARC = YES;
				CLANG_ENABLE_OBJC_WEAK = YES;
				CLANG_WARN_BLOCK_CAPTURE_AUTORELEASING = YES;
				CLANG_WARN_BOOL_CONVERSION = YES;
				CLANG_WARN_COMMA = YES;
				CLANG_WARN_CONSTANT_CONVERSION = YES;
				CLANG_WARN_DEPRECATED_OBJC_IMPLEMENTATIONS = YES;
				CLANG_WARN_DIRECT_OBJC_ISA_USAGE = YES_ERROR;
				CLANG_WARN_DOCUMENTATION_COMMENTS = YES;
				CLANG_WARN_EMPTY_BODY = YES;
				CLANG_WARN_ENUM_CONVERSION = YES;
				CLANG_WARN_INFINITE_RECURSION = YES;
				CLANG_WARN_INT_CONVERSION = YES;
				CLANG_WARN_NON_LITERAL_NULL_CONVERSION = YES;
				CLANG_WARN_OBJC_IMPLICIT_RETAIN_SELF = YES;
				CLANG_WARN_OBJC_LITERAL_CONVERSION = YES;
				CLANG_WARN_OBJC_ROOT_CLASS = YES_ERROR;
				CLANG_WARN_QUOTED_INCLUDE_IN_FRAMEWORK_HEADER = YES;
				CLANG_WARN_RANGE_LOOP_ANALYSIS = YES;
				CLANG_WARN_STRICT_PROTOTYPES = YES;
				CLANG_WARN_SUSPICIOUS_MOVE = YES;
				CLANG_WARN_UNGUARDED_AVAILABILITY = YES_AGGRESSIVE;
				CLANG_WARN_UNREACHABLE_CODE = YES;
				CLANG_WARN__DUPLICATE_METHOD_MATCH = YES;
				COPY_PHASE_STRIP = NO;
				DEBUG_INFORMATION_FORMAT = "dwarf-with-dsym";
				ENABLE_NS_ASSERTIONS = NO;
				ENABLE_STRICT_OBJC_MSGSEND = YES;
				GCC_C_LANGUAGE_STANDARD = gnu11;
				GCC_NO_COMMON_BLOCKS = YES;
				GCC_WARN_64_TO_32_BIT_CONVERSION = YES;
				GCC_WARN_ABOUT_RETURN_TYPE = YES_ERROR;
				GCC_WARN_UNDECLARED_SELECTOR = YES;
				GCC_WARN_UNINITIALIZED_AUTOS = YES_AGGRESSIVE;
				GCC_WARN_UNUSED_FUNCTION = YES;
				GCC_WARN_UNUSED_VARIABLE = YES;
				MACOSX_DEPLOYMENT_TARGET = 12.1;
				MTL_ENABLE_DEBUG_INFO = NO;
				MTL_FAST_MATH = YES;
				SDKROOT = macosx;
				SWIFT_COMPILATION_MODE = wholemodule;
				SWIFT_OPTIMIZATION_LEVEL = "-O";
			};
			name = Release;
		};
		20EAB10227F2DC6A00F80CCE /* Debug */ = {
			isa = XCBuildConfiguration;
			buildSettings = {
				CODE_SIGN_STYLE = Automatic;
				PRODUCT_NAME = "$(TARGET_NAME)";
				SWIFT_VERSION = 5.0;
			};
			name = Debug;
		};
		20EAB10327F2DC6A00F80CCE /* Release */ = {
			isa = XCBuildConfiguration;
			buildSettings = {
				CODE_SIGN_STYLE = Automatic;
				PRODUCT_NAME = "$(TARGET_NAME)";
				SWIFT_VERSION = 5.0;
			};
			name = Release;
		};
/* End XCBuildConfiguration section */

/* Begin XCConfigurationList section */
		20EAB0F527F2DC6A00F80CCE /* Build configuration list for PBXProject "07-AVL树" */ = {
			isa = XCConfigurationList;
			buildConfigurations = (
				20EAB0FF27F2DC6A00F80CCE /* Debug */,
				20EAB10027F2DC6A00F80CCE /* Release */,
			);
			defaultConfigurationIsVisible = 0;
			defaultConfigurationName = Release;
		};
		20EAB10127F2DC6A00F80CCE /* Build configuration list for PBXNativeTarget "07-AVL树" */ = {
			isa = XCConfigurationList;
			buildConfigurations = (
				20EAB10227F2DC6A00F80CCE /* Debug */,
				20EAB10327F2DC6A00F80CCE /* Release */,
			);
			defaultConfigurationIsVisible = 0;
			defaultConfigurationName = Release;
		};
/* End XCConfigurationList section */
	};
	rootObject = 20EAB0F227F2DC6A00F80CCE /* Project object */;
}
